// !$*UTF8*$!
{
	archiveVersion = 1;
	classes = {
	};
	objectVersion = 46;
	objects = {

/* Begin PBXBuildFile section */
		9C5C12411C38710900AF04F7 /* AppDelegate.swift in Sources */ = {isa = PBXBuildFile; fileRef = 9C5C12401C38710900AF04F7 /* AppDelegate.swift */; };
		9C5C12431C38710900AF04F7 /* ViewController.swift in Sources */ = {isa = PBXBuildFile; fileRef = 9C5C12421C38710900AF04F7 /* ViewController.swift */; };
		9C5C12461C38710900AF04F7 /* Main.storyboard in Resources */ = {isa = PBXBuildFile; fileRef = 9C5C12441C38710900AF04F7 /* Main.storyboard */; };
		9C5C12481C38710900AF04F7 /* Assets.xcassets in Resources */ = {isa = PBXBuildFile; fileRef = 9C5C12471C38710900AF04F7 /* Assets.xcassets */; };
		9C5C124B1C38710900AF04F7 /* LaunchScreen.storyboard in Resources */ = {isa = PBXBuildFile; fileRef = 9C5C12491C38710900AF04F7 /* LaunchScreen.storyboard */; };
		9C5C12591C38713400AF04F7 /* HBCurvesControl.swift in Sources */ = {isa = PBXBuildFile; fileRef = 9C5C12581C38713400AF04F7 /* HBCurvesControl.swift */; };
		9C5C12611C388D3300AF04F7 /* HBCurvesControlCurve.swift in Sources */ = {isa = PBXBuildFile; fileRef = 9C5C12601C388D3300AF04F7 /* HBCurvesControlCurve.swift */; };
		9C6A8FFE1C399AA000177957 /* CGPointExtension.m in Sources */ = {isa = PBXBuildFile; fileRef = 9C6A8FFB1C399AA000177957 /* CGPointExtension.m */; };
		9C6A8FFF1C399AA000177957 /* UIBezierPath+Interpolation.m in Sources */ = {isa = PBXBuildFile; fileRef = 9C6A8FFD1C399AA000177957 /* UIBezierPath+Interpolation.m */; };
		9CD9409E1C3B5ECB0000A5ED /* slider-cap@3x.png in Resources */ = {isa = PBXBuildFile; fileRef = 9CD9409D1C3B5ECB0000A5ED /* slider-cap@3x.png */; };
/* End PBXBuildFile section */

/* Begin PBXFileReference section */
		9C5C123D1C38710900AF04F7 /* HBCurvesControl.app */ = {isa = PBXFileReference; explicitFileType = wrapper.application; includeInIndex = 0; path = HBCurvesControl.app; sourceTree = BUILT_PRODUCTS_DIR; };
		9C5C12401C38710900AF04F7 /* AppDelegate.swift */ = {isa = PBXFileReference; lastKnownFileType = sourcecode.swift; path = AppDelegate.swift; sourceTree = "<group>"; };
		9C5C12421C38710900AF04F7 /* ViewController.swift */ = {isa = PBXFileReference; lastKnownFileType = sourcecode.swift; path = ViewController.swift; sourceTree = "<group>"; };
		9C5C12451C38710900AF04F7 /* Base */ = {isa = PBXFileReference; lastKnownFileType = file.storyboard; name = Base; path = Base.lproj/Main.storyboard; sourceTree = "<group>"; };
		9C5C12471C38710900AF04F7 /* Assets.xcassets */ = {isa = PBXFileReference; lastKnownFileType = folder.assetcatalog; path = Assets.xcassets; sourceTree = "<group>"; };
		9C5C124A1C38710900AF04F7 /* Base */ = {isa = PBXFileReference; lastKnownFileType = file.storyboard; name = Base; path = Base.lproj/LaunchScreen.storyboard; sourceTree = "<group>"; };
		9C5C124C1C38710900AF04F7 /* Info.plist */ = {isa = PBXFileReference; lastKnownFileType = text.plist.xml; path = Info.plist; sourceTree = "<group>"; };
		9C5C12581C38713400AF04F7 /* HBCurvesControl.swift */ = {isa = PBXFileReference; fileEncoding = 4; lastKnownFileType = sourcecode.swift; path = HBCurvesControl.swift; sourceTree = "<group>"; };
		9C5C12601C388D3300AF04F7 /* HBCurvesControlCurve.swift */ = {isa = PBXFileReference; fileEncoding = 4; lastKnownFileType = sourcecode.swift; path = HBCurvesControlCurve.swift; sourceTree = "<group>"; };
		9C6A8FF91C399A9F00177957 /* HBCurvesControl-Bridging-Header.h */ = {isa = PBXFileReference; lastKnownFileType = sourcecode.c.h; path = "HBCurvesControl-Bridging-Header.h"; sourceTree = "<group>"; };
		9C6A8FFA1C399AA000177957 /* CGPointExtension.h */ = {isa = PBXFileReference; fileEncoding = 4; lastKnownFileType = sourcecode.c.h; path = CGPointExtension.h; sourceTree = "<group>"; };
		9C6A8FFB1C399AA000177957 /* CGPointExtension.m */ = {isa = PBXFileReference; fileEncoding = 4; lastKnownFileType = sourcecode.c.objc; path = CGPointExtension.m; sourceTree = "<group>"; };
		9C6A8FFC1C399AA000177957 /* UIBezierPath+Interpolation.h */ = {isa = PBXFileReference; fileEncoding = 4; lastKnownFileType = sourcecode.c.h; path = "UIBezierPath+Interpolation.h"; sourceTree = "<group>"; };
		9C6A8FFD1C399AA000177957 /* UIBezierPath+Interpolation.m */ = {isa = PBXFileReference; fileEncoding = 4; lastKnownFileType = sourcecode.c.objc; path = "UIBezierPath+Interpolation.m"; sourceTree = "<group>"; };
		9CD9409D1C3B5ECB0000A5ED /* slider-cap@3x.png */ = {isa = PBXFileReference; lastKnownFileType = image.png; path = "slider-cap@3x.png"; sourceTree = "<group>"; };
/* End PBXFileReference section */

/* Begin PBXFrameworksBuildPhase section */
		9C5C123A1C38710900AF04F7 /* Frameworks */ = {
			isa = PBXFrameworksBuildPhase;
			buildActionMask = 2147483647;
			files = (
			);
			runOnlyForDeploymentPostprocessing = 0;
		};
/* End PBXFrameworksBuildPhase section */

/* Begin PBXGroup section */
		9C5C12341C38710900AF04F7 = {
			isa = PBXGroup;
			children = (
				9C5C123F1C38710900AF04F7 /* HBCurvesControl */,
				9C5C123E1C38710900AF04F7 /* Products */,
			);
			sourceTree = "<group>";
		};
		9C5C123E1C38710900AF04F7 /* Products */ = {
			isa = PBXGroup;
			children = (
				9C5C123D1C38710900AF04F7 /* HBCurvesControl.app */,
			);
			name = Products;
			sourceTree = "<group>";
		};
		9C5C123F1C38710900AF04F7 /* HBCurvesControl */ = {
			isa = PBXGroup;
			children = (
				9C5C12401C38710900AF04F7 /* AppDelegate.swift */,
				9C5C12421C38710900AF04F7 /* ViewController.swift */,
				9C5C12441C38710900AF04F7 /* Main.storyboard */,
				9C5C12471C38710900AF04F7 /* Assets.xcassets */,
				9C5C12491C38710900AF04F7 /* LaunchScreen.storyboard */,
				9C5C124C1C38710900AF04F7 /* Info.plist */,
				9CD940CD1C3B66D10000A5ED /* HBCurvesControl */,
			);
			path = HBCurvesControl;
			sourceTree = "<group>";
		};
		9C6A8FF41C39996A00177957 /* Points Interpolation */ = {
			isa = PBXGroup;
			children = (
				9C6A8FFA1C399AA000177957 /* CGPointExtension.h */,
				9C6A8FFB1C399AA000177957 /* CGPointExtension.m */,
				9C6A8FFC1C399AA000177957 /* UIBezierPath+Interpolation.h */,
				9C6A8FFD1C399AA000177957 /* UIBezierPath+Interpolation.m */,
			);
			name = "Points Interpolation";
			sourceTree = "<group>";
		};
		9CD940951C3B51530000A5ED /* Resources */ = {
			isa = PBXGroup;
			children = (
				9CD9409D1C3B5ECB0000A5ED /* slider-cap@3x.png */,
			);
			name = Resources;
			sourceTree = "<group>";
		};
		9CD940CD1C3B66D10000A5ED /* HBCurvesControl */ = {
			isa = PBXGroup;
			children = (
				9C5C12581C38713400AF04F7 /* HBCurvesControl.swift */,
				9C5C12601C388D3300AF04F7 /* HBCurvesControlCurve.swift */,
				9C6A8FF91C399A9F00177957 /* HBCurvesControl-Bridging-Header.h */,
				9CD940951C3B51530000A5ED /* Resources */,
				9C6A8FF41C39996A00177957 /* Points Interpolation */,
			);
			name = HBCurvesControl;
			sourceTree = "<group>";
		};
/* End PBXGroup section */

/* Begin PBXNativeTarget section */
		9C5C123C1C38710900AF04F7 /* HBCurvesControl */ = {
			isa = PBXNativeTarget;
			buildConfigurationList = 9C5C124F1C38710900AF04F7 /* Build configuration list for PBXNativeTarget "HBCurvesControl" */;
			buildPhases = (
				9C5C12391C38710900AF04F7 /* Sources */,
				9C5C123A1C38710900AF04F7 /* Frameworks */,
				9C5C123B1C38710900AF04F7 /* Resources */,
			);
			buildRules = (
			);
			dependencies = (
			);
			name = HBCurvesControl;
			productName = HBCurvesControl;
			productReference = 9C5C123D1C38710900AF04F7 /* HBCurvesControl.app */;
			productType = "com.apple.product-type.application";
		};
/* End PBXNativeTarget section */

/* Begin PBXProject section */
		9C5C12351C38710900AF04F7 /* Project object */ = {
			isa = PBXProject;
			attributes = {
				LastSwiftUpdateCheck = 0720;
				LastUpgradeCheck = 0720;
				ORGANIZATIONNAME = "Hunter Bryant";
				TargetAttributes = {
					9C5C123C1C38710900AF04F7 = {
						CreatedOnToolsVersion = 7.2;
						DevelopmentTeam = SY668X7M53;
					};
				};
			};
			buildConfigurationList = 9C5C12381C38710900AF04F7 /* Build configuration list for PBXProject "HBCurvesControl" */;
			compatibilityVersion = "Xcode 3.2";
			developmentRegion = English;
			hasScannedForEncodings = 0;
			knownRegions = (
				en,
				Base,
			);
			mainGroup = 9C5C12341C38710900AF04F7;
			productRefGroup = 9C5C123E1C38710900AF04F7 /* Products */;
			projectDirPath = "";
			projectRoot = "";
			targets = (
				9C5C123C1C38710900AF04F7 /* HBCurvesControl */,
			);
		};
/* End PBXProject section */

/* Begin PBXResourcesBuildPhase section */
		9C5C123B1C38710900AF04F7 /* Resources */ = {
			isa = PBXResourcesBuildPhase;
			buildActionMask = 2147483647;
			files = (
				9C5C124B1C38710900AF04F7 /* LaunchScreen.storyboard in Resources */,
				9C5C12481C38710900AF04F7 /* Assets.xcassets in Resources */,
				9C5C12461C38710900AF04F7 /* Main.storyboard in Resources */,
				9CD9409E1C3B5ECB0000A5ED /* slider-cap@3x.png in Resources */,
			);
			runOnlyForDeploymentPostprocessing = 0;
		};
/* End PBXResourcesBuildPhase section */

/* Begin PBXSourcesBuildPhase section */
		9C5C12391C38710900AF04F7 /* Sources */ = {
			isa = PBXSourcesBuildPhase;
			buildActionMask = 2147483647;
			files = (
				9C5C12591C38713400AF04F7 /* HBCurvesControl.swift in Sources */,
				9C6A8FFE1C399AA000177957 /* CGPointExtension.m in Sources */,
				9C6A8FFF1C399AA000177957 /* UIBezierPath+Interpolation.m in Sources */,
				9C5C12611C388D3300AF04F7 /* HBCurvesControlCurve.swift in Sources */,
				9C5C12431C38710900AF04F7 /* ViewController.swift in Sources */,
				9C5C12411C38710900AF04F7 /* AppDelegate.swift in Sources */,
			);
			runOnlyForDeploymentPostprocessing = 0;
		};
/* End PBXSourcesBuildPhase section */

/* Begin PBXVariantGroup section */
		9C5C12441C38710900AF04F7 /* Main.storyboard */ = {
			isa = PBXVariantGroup;
			children = (
				9C5C12451C38710900AF04F7 /* Base */,
			);
			name = Main.storyboard;
			sourceTree = "<group>";
		};
		9C5C12491C38710900AF04F7 /* LaunchScreen.storyboard */ = {
			isa = PBXVariantGroup;
			children = (
				9C5C124A1C38710900AF04F7 /* Base */,
			);
			name = LaunchScreen.storyboard;
			sourceTree = "<group>";
		};
/* End PBXVariantGroup section */

/* Begin XCBuildConfiguration section */
		9C5C124D1C38710900AF04F7 /* Debug */ = {
			isa = XCBuildConfiguration;
			buildSettings = {
				ALWAYS_SEARCH_USER_PATHS = NO;
				CLANG_CXX_LANGUAGE_STANDARD = "gnu++0x";
				CLANG_CXX_LIBRARY = "libc++";
				CLANG_ENABLE_MODULES = YES;
				CLANG_ENABLE_OBJC_ARC = YES;
				CLANG_WARN_BOOL_CONVERSION = YES;
				CLANG_WARN_CONSTANT_CONVERSION = YES;
				CLANG_WARN_DIRECT_OBJC_ISA_USAGE = YES_ERROR;
				CLANG_WARN_EMPTY_BODY = YES;
				CLANG_WARN_ENUM_CONVERSION = YES;
				CLANG_WARN_INT_CONVERSION = YES;
				CLANG_WARN_OBJC_ROOT_CLASS = YES_ERROR;
				CLANG_WARN_UNREACHABLE_CODE = YES;
				CLANG_WARN__DUPLICATE_METHOD_MATCH = YES;
				"CODE_SIGN_IDENTITY[sdk=iphoneos*]" = "iPhone Developer";
				COPY_PHASE_STRIP = NO;
				DEBUG_INFORMATION_FORMAT = dwarf;
				ENABLE_STRICT_OBJC_MSGSEND = YES;
				ENABLE_TESTABILITY = YES;
				GCC_C_LANGUAGE_STANDARD = gnu99;
				GCC_DYNAMIC_NO_PIC = NO;
				GCC_NO_COMMON_BLOCKS = YES;
				GCC_OPTIMIZATION_LEVEL = 0;
				GCC_PREPROCESSOR_DEFINITIONS = (
					"DEBUG=1",
					"$(inherited)",
				);
				GCC_WARN_64_TO_32_BIT_CONVERSION = YES;
				GCC_WARN_ABOUT_RETURN_TYPE = YES_ERROR;
				GCC_WARN_UNDECLARED_SELECTOR = YES;
				GCC_WARN_UNINITIALIZED_AUTOS = YES_AGGRESSIVE;
				GCC_WARN_UNUSED_FUNCTION = YES;
				GCC_WARN_UNUSED_VARIABLE = YES;
				IPHONEOS_DEPLOYMENT_TARGET = 9.2;
				MTL_ENABLE_DEBUG_INFO = YES;
				ONLY_ACTIVE_ARCH = YES;
				SDKROOT = iphoneos;
				SWIFT_OPTIMIZATION_LEVEL = "-Owholemodule";
			};
			name = Debug;
		};
		9C5C124E1C38710900AF04F7 /* Release */ = {
			isa = XCBuildConfiguration;
			buildSettings = {
				ALWAYS_SEARCH_USER_PATHS = NO;
				CLANG_CXX_LANGUAGE_STANDARD = "gnu++0x";
				CLANG_CXX_LIBRARY = "libc++";
				CLANG_ENABLE_MODULES = YES;
				CLANG_ENABLE_OBJC_ARC = YES;
				CLANG_WARN_BOOL_CONVERSION = YES;
				CLANG_WARN_CONSTANT_CONVERSION = YES;
				CLANG_WARN_DIRECT_OBJC_ISA_USAGE = YES_ERROR;
				CLANG_WARN_EMPTY_BODY = YES;
				CLANG_WARN_ENUM_CONVERSION = YES;
				CLANG_WARN_INT_CONVERSION = YES;
				CLANG_WARN_OBJC_ROOT_CLASS = YES_ERROR;
				CLANG_WARN_UNREACHABLE_CODE = YES;
				CLANG_WARN__DUPLICATE_METHOD_MATCH = YES;
				"CODE_SIGN_IDENTITY[sdk=iphoneos*]" = "iPhone Developer";
				COPY_PHASE_STRIP = NO;
				DEBUG_INFORMATION_FORMAT = "dwarf-with-dsym";
				ENABLE_NS_ASSERTIONS = NO;
				ENABLE_STRICT_OBJC_MSGSEND = YES;
				GCC_C_LANGUAGE_STANDARD = gnu99;
				GCC_NO_COMMON_BLOCKS = YES;
				GCC_WARN_64_TO_32_BIT_CONVERSION = YES;
				GCC_WARN_ABOUT_RETURN_TYPE = YES_ERROR;
				GCC_WARN_UNDECLARED_SELECTOR = YES;
				GCC_WARN_UNINITIALIZED_AUTOS = YES_AGGRESSIVE;
				GCC_WARN_UNUSED_FUNCTION = YES;
				GCC_WARN_UNUSED_VARIABLE = YES;
				IPHONEOS_DEPLOYMENT_TARGET = 9.2;
				MTL_ENABLE_DEBUG_INFO = NO;
				SDKROOT = iphoneos;
				SWIFT_OPTIMIZATION_LEVEL = "-Owholemodule";
				VALIDATE_PRODUCT = YES;
			};
			name = Release;
		};
		9C5C12501C38710900AF04F7 /* Debug */ = {
			isa = XCBuildConfiguration;
			buildSettings = {
				ASSETCATALOG_COMPILER_APPICON_NAME = AppIcon;
				CLANG_ENABLE_MODULES = YES;
				INFOPLIST_FILE = HBCurvesControl/Info.plist;
				LD_RUNPATH_SEARCH_PATHS = "$(inherited) @executable_path/Frameworks";
				PRODUCT_BUNDLE_IDENTIFIER = io.hunterbryant.HBCurvesControl;
				PRODUCT_NAME = "$(TARGET_NAME)";
				SWIFT_OBJC_BRIDGING_HEADER = "HBCurvesControl/HBCurvesControl-Bridging-Header.h";
				SWIFT_OPTIMIZATION_LEVEL = "-Onone";
			};
			name = Debug;
		};
		9C5C12511C38710900AF04F7 /* Release */ = {
			isa = XCBuildConfiguration;
			buildSettings = {
				ASSETCATALOG_COMPILER_APPICON_NAME = AppIcon;
				CLANG_ENABLE_MODULES = YES;
				INFOPLIST_FILE = HBCurvesControl/Info.plist;
				LD_RUNPATH_SEARCH_PATHS = "$(inherited) @executable_path/Frameworks";
				PRODUCT_BUNDLE_IDENTIFIER = io.hunterbryant.HBCurvesControl;
				PRODUCT_NAME = "$(TARGET_NAME)";
				SWIFT_OBJC_BRIDGING_HEADER = "HBCurvesControl/HBCurvesControl-Bridging-Header.h";
			};
			name = Release;
		};
/* End XCBuildConfiguration section */

/* Begin XCConfigurationList section */
		9C5C12381C38710900AF04F7 /* Build configuration list for PBXProject "HBCurvesControl" */ = {
			isa = XCConfigurationList;
			buildConfigurations = (
				9C5C124D1C38710900AF04F7 /* Debug */,
				9C5C124E1C38710900AF04F7 /* Release */,
			);
			defaultConfigurationIsVisible = 0;
			defaultConfigurationName = Release;
		};
		9C5C124F1C38710900AF04F7 /* Build configuration list for PBXNativeTarget "HBCurvesControl" */ = {
			isa = XCConfigurationList;
			buildConfigurations = (
				9C5C12501C38710900AF04F7 /* Debug */,
				9C5C12511C38710900AF04F7 /* Release */,
			);
			defaultConfigurationIsVisible = 0;
			defaultConfigurationName = Release;
		};
/* End XCConfigurationList section */
	};
	rootObject = 9C5C12351C38710900AF04F7 /* Project object */;
}
